
Microsoft Visual Studio Solution File, Format Version 12.00
# Visual Studio Version 16
VisualStudioVersion = 16.0.34301.259
MinimumVisualStudioVersion = 10.0.40219.1
Project("{8BC9CEB8-8B4A-11D0-8D11-00A0C91BC942}") = "dojebane", "dojebane\dojebane.vcxproj", "{1304E915-11D2-4E91-B64F-B84D8C4F9799}"
EndProject
Global
	GlobalSection(SolutionConfigurationPlatforms) = preSolution
		Debug|x64 = Debug|x64
		Debug|x86 = Debug|x86
		Release|x64 = Release|x64
		Release|x86 = Release|x86
	EndGlobalSection
	GlobalSection(ProjectConfigurationPlatforms) = postSolution
		{1304E915-11D2-4E91-B64F-B84D8C4F9799}.Debug|x64.ActiveCfg = Debug|x64
		{1304E915-11D2-4E91-B64F-B84D8C4F9799}.Debug|x64.Build.0 = Debug|x64
		{1304E915-11D2-4E91-B64F-B84D8C4F9799}.Debug|x86.ActiveCfg = Debug|Win32
		{1304E915-11D2-4E91-B64F-B84D8C4F9799}.Debug|x86.Build.0 = Debug|Win32
		{1304E915-11D2-4E91-B64F-B84D8C4F9799}.Release|x64.ActiveCfg = Release|x64
		{1304E915-11D2-4E91-B64F-B84D8C4F9799}.Release|x64.Build.0 = Release|x64
		{1304E915-11D2-4E91-B64F-B84D8C4F9799}.Release|x86.ActiveCfg = Release|Win32
		{1304E915-11D2-4E91-B64F-B84D8C4F9799}.Release|x86.Build.0 = Release|Win32
	EndGlobalSection
	GlobalSection(SolutionProperties) = preSolution
		HideSolutionNode = FALSE
	EndGlobalSection
	GlobalSection(ExtensibilityGlobals) = postSolution
		SolutionGuid = {86112E42-0909-43FE-A185-942AB8D63F66}
	EndGlobalSection
EndGlobal
